// !$*UTF8*$!
{
	archiveVersion = 1;
	classes = {
	};
	objectVersion = 46;
	objects = {

/* Begin PBXBuildFile section */
		5E6B04E51B4857B000AAA2FE /* main.m in Sources */ = {isa = PBXBuildFile; fileRef = 5E6B04E41B4857B000AAA2FE /* main.m */; };
		5E6B04E81B4857B000AAA2FE /* AppDelegate.m in Sources */ = {isa = PBXBuildFile; fileRef = 5E6B04E71B4857B000AAA2FE /* AppDelegate.m */; };
		5E6B04EB1B4857B000AAA2FE /* Flicker_Test.xcdatamodeld in Sources */ = {isa = PBXBuildFile; fileRef = 5E6B04E91B4857B000AAA2FE /* Flicker_Test.xcdatamodeld */; };
		5E6B04F61B4857B000AAA2FE /* Images.xcassets in Resources */ = {isa = PBXBuildFile; fileRef = 5E6B04F51B4857B000AAA2FE /* Images.xcassets */; };
		5E6B04F91B4857B000AAA2FE /* LaunchScreen.xib in Resources */ = {isa = PBXBuildFile; fileRef = 5E6B04F71B4857B000AAA2FE /* LaunchScreen.xib */; };
		5E6B05051B4857B000AAA2FE /* Flicker_TestTests.m in Sources */ = {isa = PBXBuildFile; fileRef = 5E6B05041B4857B000AAA2FE /* Flicker_TestTests.m */; };
		5E6B05451B4873A800AAA2FE /* FlickrPhoto.m in Sources */ = {isa = PBXBuildFile; fileRef = 5E6B05441B4873A800AAA2FE /* FlickrPhoto.m */; };
		5E6B05481B4874D000AAA2FE /* AnaglyphsCollectionViewController.m in Sources */ = {isa = PBXBuildFile; fileRef = 5E6B05471B4874D000AAA2FE /* AnaglyphsCollectionViewController.m */; };
		5E6B054E1B487F3200AAA2FE /* MasterViewController.m in Sources */ = {isa = PBXBuildFile; fileRef = 5E6B054D1B487F3200AAA2FE /* MasterViewController.m */; };
		5E6B05511B48815000AAA2FE /* AnaglyphCell.m in Sources */ = {isa = PBXBuildFile; fileRef = 5E6B05501B48815000AAA2FE /* AnaglyphCell.m */; };
		5E6B05531B489C3600AAA2FE /* angry_pusheen.jpg in Resources */ = {isa = PBXBuildFile; fileRef = 5E6B05521B489C3600AAA2FE /* angry_pusheen.jpg */; };
		5E6B05571B489C8D00AAA2FE /* Main.storyboard in Resources */ = {isa = PBXBuildFile; fileRef = 5E6B05561B489C8D00AAA2FE /* Main.storyboard */; };
		5E6B055A1B4ADA8200AAA2FE /* AnaglyphEnlargedViewController.m in Sources */ = {isa = PBXBuildFile; fileRef = 5E6B05591B4ADA8200AAA2FE /* AnaglyphEnlargedViewController.m */; };
		5E6B055D1B4B0B7A00AAA2FE /* LocationViewController.m in Sources */ = {isa = PBXBuildFile; fileRef = 5E6B055C1B4B0B7A00AAA2FE /* LocationViewController.m */; };
		5E6B055F1B4B0C0700AAA2FE /* MapKit.framework in Frameworks */ = {isa = PBXBuildFile; fileRef = 5E6B055E1B4B0C0700AAA2FE /* MapKit.framework */; };
		5E6B05611B4B2CC700AAA2FE /* Location.gpx in Resources */ = {isa = PBXBuildFile; fileRef = 5E6B05601B4B2CC700AAA2FE /* Location.gpx */; };
		5E6B05981B4EEB4500AAA2FE /* whiteicon.png in Resources */ = {isa = PBXBuildFile; fileRef = 5E6B05971B4EEB4500AAA2FE /* whiteicon.png */; };
		5E6B059A1B4EF8A800AAA2FE /* zoom_in.png in Resources */ = {isa = PBXBuildFile; fileRef = 5E6B05991B4EF8A800AAA2FE /* zoom_in.png */; };
		5E6B059C1B4EF8AE00AAA2FE /* zoom_out.png in Resources */ = {isa = PBXBuildFile; fileRef = 5E6B059B1B4EF8AE00AAA2FE /* zoom_out.png */; };
		5EB8C5E71B4F12F100A26664 /* map_pin.png in Resources */ = {isa = PBXBuildFile; fileRef = 5EB8C5E61B4F12F100A26664 /* map_pin.png */; };
		5EB8C5EB1B4F143100A26664 /* pointer.png in Resources */ = {isa = PBXBuildFile; fileRef = 5EB8C5EA1B4F143100A26664 /* pointer.png */; };
		5EB8C5EE1B4F19C200A26664 /* FavouritesViewController.m in Sources */ = {isa = PBXBuildFile; fileRef = 5EB8C5ED1B4F19C200A26664 /* FavouritesViewController.m */; };
		5EB8C5F11B4F1A1B00A26664 /* CollectionViewController.m in Sources */ = {isa = PBXBuildFile; fileRef = 5EB8C5F01B4F1A1B00A26664 /* CollectionViewController.m */; };
		5EB8C5F31B4F1D5D00A26664 /* heart.png in Resources */ = {isa = PBXBuildFile; fileRef = 5EB8C5F21B4F1D5D00A26664 /* heart.png */; };
/* End PBXBuildFile section */

/* Begin PBXContainerItemProxy section */
		5E6B04FF1B4857B000AAA2FE /* PBXContainerItemProxy */ = {
			isa = PBXContainerItemProxy;
			containerPortal = 5E6B04D71B4857B000AAA2FE /* Project object */;
			proxyType = 1;
			remoteGlobalIDString = 5E6B04DE1B4857B000AAA2FE;
			remoteInfo = "Flicker Test";
		};
/* End PBXContainerItemProxy section */

/* Begin PBXFileReference section */
		5E6B04DF1B4857B000AAA2FE /* Flicker Test.app */ = {isa = PBXFileReference; explicitFileType = wrapper.application; includeInIndex = 0; path = "Flicker Test.app"; sourceTree = BUILT_PRODUCTS_DIR; };
		5E6B04E31B4857B000AAA2FE /* Info.plist */ = {isa = PBXFileReference; lastKnownFileType = text.plist.xml; path = Info.plist; sourceTree = "<group>"; };
		5E6B04E41B4857B000AAA2FE /* main.m */ = {isa = PBXFileReference; lastKnownFileType = sourcecode.c.objc; path = main.m; sourceTree = "<group>"; };
		5E6B04E61B4857B000AAA2FE /* AppDelegate.h */ = {isa = PBXFileReference; lastKnownFileType = sourcecode.c.h; path = AppDelegate.h; sourceTree = "<group>"; };
		5E6B04E71B4857B000AAA2FE /* AppDelegate.m */ = {isa = PBXFileReference; lastKnownFileType = sourcecode.c.objc; path = AppDelegate.m; sourceTree = "<group>"; };
		5E6B04EA1B4857B000AAA2FE /* Flicker_Test.xcdatamodel */ = {isa = PBXFileReference; lastKnownFileType = wrapper.xcdatamodel; path = Flicker_Test.xcdatamodel; sourceTree = "<group>"; };
		5E6B04F51B4857B000AAA2FE /* Images.xcassets */ = {isa = PBXFileReference; lastKnownFileType = folder.assetcatalog; path = Images.xcassets; sourceTree = "<group>"; };
		5E6B04F81B4857B000AAA2FE /* Base */ = {isa = PBXFileReference; lastKnownFileType = file.xib; name = Base; path = Base.lproj/LaunchScreen.xib; sourceTree = "<group>"; };
		5E6B04FE1B4857B000AAA2FE /* Flicker TestTests.xctest */ = {isa = PBXFileReference; explicitFileType = wrapper.cfbundle; includeInIndex = 0; path = "Flicker TestTests.xctest"; sourceTree = BUILT_PRODUCTS_DIR; };
		5E6B05031B4857B000AAA2FE /* Info.plist */ = {isa = PBXFileReference; lastKnownFileType = text.plist.xml; path = Info.plist; sourceTree = "<group>"; };
		5E6B05041B4857B000AAA2FE /* Flicker_TestTests.m */ = {isa = PBXFileReference; lastKnownFileType = sourcecode.c.objc; path = Flicker_TestTests.m; sourceTree = "<group>"; };
		5E6B05431B4873A800AAA2FE /* FlickrPhoto.h */ = {isa = PBXFileReference; fileEncoding = 4; lastKnownFileType = sourcecode.c.h; path = FlickrPhoto.h; sourceTree = "<group>"; };
		5E6B05441B4873A800AAA2FE /* FlickrPhoto.m */ = {isa = PBXFileReference; fileEncoding = 4; lastKnownFileType = sourcecode.c.objc; path = FlickrPhoto.m; sourceTree = "<group>"; };
		5E6B05461B4874D000AAA2FE /* AnaglyphsCollectionViewController.h */ = {isa = PBXFileReference; fileEncoding = 4; lastKnownFileType = sourcecode.c.h; path = AnaglyphsCollectionViewController.h; sourceTree = "<group>"; };
		5E6B05471B4874D000AAA2FE /* AnaglyphsCollectionViewController.m */ = {isa = PBXFileReference; fileEncoding = 4; lastKnownFileType = sourcecode.c.objc; path = AnaglyphsCollectionViewController.m; sourceTree = "<group>"; };
		5E6B054C1B487F3200AAA2FE /* MasterViewController.h */ = {isa = PBXFileReference; fileEncoding = 4; lastKnownFileType = sourcecode.c.h; path = MasterViewController.h; sourceTree = "<group>"; };
		5E6B054D1B487F3200AAA2FE /* MasterViewController.m */ = {isa = PBXFileReference; fileEncoding = 4; lastKnownFileType = sourcecode.c.objc; path = MasterViewController.m; sourceTree = "<group>"; };
		5E6B054F1B48815000AAA2FE /* AnaglyphCell.h */ = {isa = PBXFileReference; fileEncoding = 4; lastKnownFileType = sourcecode.c.h; path = AnaglyphCell.h; sourceTree = "<group>"; };
		5E6B05501B48815000AAA2FE /* AnaglyphCell.m */ = {isa = PBXFileReference; fileEncoding = 4; lastKnownFileType = sourcecode.c.objc; path = AnaglyphCell.m; sourceTree = "<group>"; };
		5E6B05521B489C3600AAA2FE /* angry_pusheen.jpg */ = {isa = PBXFileReference; lastKnownFileType = image.jpeg; path = angry_pusheen.jpg; sourceTree = "<group>"; };
		5E6B05561B489C8D00AAA2FE /* Main.storyboard */ = {isa = PBXFileReference; fileEncoding = 4; lastKnownFileType = file.storyboard; path = Main.storyboard; sourceTree = "<group>"; };
		5E6B05581B4ADA8200AAA2FE /* AnaglyphEnlargedViewController.h */ = {isa = PBXFileReference; fileEncoding = 4; lastKnownFileType = sourcecode.c.h; path = AnaglyphEnlargedViewController.h; sourceTree = "<group>"; };
		5E6B05591B4ADA8200AAA2FE /* AnaglyphEnlargedViewController.m */ = {isa = PBXFileReference; fileEncoding = 4; lastKnownFileType = sourcecode.c.objc; path = AnaglyphEnlargedViewController.m; sourceTree = "<group>"; };
		5E6B055B1B4B0B7A00AAA2FE /* LocationViewController.h */ = {isa = PBXFileReference; fileEncoding = 4; lastKnownFileType = sourcecode.c.h; path = LocationViewController.h; sourceTree = "<group>"; };
		5E6B055C1B4B0B7A00AAA2FE /* LocationViewController.m */ = {isa = PBXFileReference; fileEncoding = 4; lastKnownFileType = sourcecode.c.objc; path = LocationViewController.m; sourceTree = "<group>"; };
		5E6B055E1B4B0C0700AAA2FE /* MapKit.framework */ = {isa = PBXFileReference; lastKnownFileType = wrapper.framework; name = MapKit.framework; path = System/Library/Frameworks/MapKit.framework; sourceTree = SDKROOT; };
		5E6B05601B4B2CC700AAA2FE /* Location.gpx */ = {isa = PBXFileReference; fileEncoding = 4; lastKnownFileType = text.xml; path = Location.gpx; sourceTree = "<group>"; };
		5E6B05971B4EEB4500AAA2FE /* whiteicon.png */ = {isa = PBXFileReference; lastKnownFileType = image.png; path = whiteicon.png; sourceTree = "<group>"; };
		5E6B05991B4EF8A800AAA2FE /* zoom_in.png */ = {isa = PBXFileReference; lastKnownFileType = image.png; path = zoom_in.png; sourceTree = "<group>"; };
		5E6B059B1B4EF8AE00AAA2FE /* zoom_out.png */ = {isa = PBXFileReference; lastKnownFileType = image.png; path = zoom_out.png; sourceTree = "<group>"; };
		5EB8C5E61B4F12F100A26664 /* map_pin.png */ = {isa = PBXFileReference; lastKnownFileType = image.png; path = map_pin.png; sourceTree = "<group>"; };
		5EB8C5EA1B4F143100A26664 /* pointer.png */ = {isa = PBXFileReference; lastKnownFileType = image.png; path = pointer.png; sourceTree = "<group>"; };
		5EB8C5EC1B4F19C200A26664 /* FavouritesViewController.h */ = {isa = PBXFileReference; fileEncoding = 4; lastKnownFileType = sourcecode.c.h; path = FavouritesViewController.h; sourceTree = "<group>"; };
		5EB8C5ED1B4F19C200A26664 /* FavouritesViewController.m */ = {isa = PBXFileReference; fileEncoding = 4; lastKnownFileType = sourcecode.c.objc; path = FavouritesViewController.m; sourceTree = "<group>"; };
		5EB8C5F01B4F1A1B00A26664 /* CollectionViewController.m */ = {isa = PBXFileReference; fileEncoding = 4; lastKnownFileType = sourcecode.c.objc; path = CollectionViewController.m; sourceTree = "<group>"; };
		5EB8C5F21B4F1D5D00A26664 /* heart.png */ = {isa = PBXFileReference; lastKnownFileType = image.png; path = heart.png; sourceTree = "<group>"; };
/* End PBXFileReference section */

/* Begin PBXFrameworksBuildPhase section */
		5E6B04DC1B4857B000AAA2FE /* Frameworks */ = {
			isa = PBXFrameworksBuildPhase;
			buildActionMask = 2147483647;
			files = (
				5E6B055F1B4B0C0700AAA2FE /* MapKit.framework in Frameworks */,
			);
			runOnlyForDeploymentPostprocessing = 0;
		};
		5E6B04FB1B4857B000AAA2FE /* Frameworks */ = {
			isa = PBXFrameworksBuildPhase;
			buildActionMask = 2147483647;
			files = (
			);
			runOnlyForDeploymentPostprocessing = 0;
		};
/* End PBXFrameworksBuildPhase section */

/* Begin PBXGroup section */
		5E6B04D61B4857B000AAA2FE = {
			isa = PBXGroup;
			children = (
				5E6B055E1B4B0C0700AAA2FE /* MapKit.framework */,
				5E6B04E11B4857B000AAA2FE /* Flicker Test */,
				5E6B05011B4857B000AAA2FE /* Flicker TestTests */,
				5E6B04E01B4857B000AAA2FE /* Products */,
			);
			sourceTree = "<group>";
		};
		5E6B04E01B4857B000AAA2FE /* Products */ = {
			isa = PBXGroup;
			children = (
				5E6B04DF1B4857B000AAA2FE /* Flicker Test.app */,
				5E6B04FE1B4857B000AAA2FE /* Flicker TestTests.xctest */,
			);
			name = Products;
			sourceTree = "<group>";
		};
		5E6B04E11B4857B000AAA2FE /* Flicker Test */ = {
			isa = PBXGroup;
			children = (
				5E6B04E61B4857B000AAA2FE /* AppDelegate.h */,
				5E6B04E71B4857B000AAA2FE /* AppDelegate.m */,
				5E6B054C1B487F3200AAA2FE /* MasterViewController.h */,
				5E6B054D1B487F3200AAA2FE /* MasterViewController.m */,
				5E6B05461B4874D000AAA2FE /* AnaglyphsCollectionViewController.h */,
				5E6B05471B4874D000AAA2FE /* AnaglyphsCollectionViewController.m */,
				5E6B05581B4ADA8200AAA2FE /* AnaglyphEnlargedViewController.h */,
				5E6B05591B4ADA8200AAA2FE /* AnaglyphEnlargedViewController.m */,
				5E6B055B1B4B0B7A00AAA2FE /* LocationViewController.h */,
				5E6B055C1B4B0B7A00AAA2FE /* LocationViewController.m */,
				5EB8C5EC1B4F19C200A26664 /* FavouritesViewController.h */,
				5EB8C5ED1B4F19C200A26664 /* FavouritesViewController.m */,
				5E6B054F1B48815000AAA2FE /* AnaglyphCell.h */,
				5E6B05501B48815000AAA2FE /* AnaglyphCell.m */,
				5E6B05431B4873A800AAA2FE /* FlickrPhoto.h */,
				5E6B05441B4873A800AAA2FE /* FlickrPhoto.m */,
				5E6B05561B489C8D00AAA2FE /* Main.storyboard */,
				5EB8C5F01B4F1A1B00A26664 /* CollectionViewController.m */,
				5E6B05521B489C3600AAA2FE /* angry_pusheen.jpg */,
				5E6B05601B4B2CC700AAA2FE /* Location.gpx */,
				5EB8C5E61B4F12F100A26664 /* map_pin.png */,
				5EB8C5EA1B4F143100A26664 /* pointer.png */,
				5E6B059B1B4EF8AE00AAA2FE /* zoom_out.png */,
				5E6B05991B4EF8A800AAA2FE /* zoom_in.png */,
				5E6B04F51B4857B000AAA2FE /* Images.xcassets */,
				5EB8C5F21B4F1D5D00A26664 /* heart.png */,
				5E6B05971B4EEB4500AAA2FE /* whiteicon.png */,
				5E6B04F71B4857B000AAA2FE /* LaunchScreen.xib */,
				5E6B04E91B4857B000AAA2FE /* Flicker_Test.xcdatamodeld */,
				5E6B04E21B4857B000AAA2FE /* Supporting Files */,
			);
			path = "Flicker Test";
			sourceTree = "<group>";
		};
		5E6B04E21B4857B000AAA2FE /* Supporting Files */ = {
			isa = PBXGroup;
			children = (
				5E6B04E31B4857B000AAA2FE /* Info.plist */,
				5E6B04E41B4857B000AAA2FE /* main.m */,
			);
			name = "Supporting Files";
			sourceTree = "<group>";
		};
		5E6B05011B4857B000AAA2FE /* Flicker TestTests */ = {
			isa = PBXGroup;
			children = (
				5E6B05041B4857B000AAA2FE /* Flicker_TestTests.m */,
				5E6B05021B4857B000AAA2FE /* Supporting Files */,
			);
			path = "Flicker TestTests";
			sourceTree = "<group>";
		};
		5E6B05021B4857B000AAA2FE /* Supporting Files */ = {
			isa = PBXGroup;
			children = (
				5E6B05031B4857B000AAA2FE /* Info.plist */,
			);
			name = "Supporting Files";
			sourceTree = "<group>";
		};
/* End PBXGroup section */

/* Begin PBXNativeTarget section */
		5E6B04DE1B4857B000AAA2FE /* Flicker Test */ = {
			isa = PBXNativeTarget;
			buildConfigurationList = 5E6B05081B4857B000AAA2FE /* Build configuration list for PBXNativeTarget "Flicker Test" */;
			buildPhases = (
				5E6B04DB1B4857B000AAA2FE /* Sources */,
				5E6B04DC1B4857B000AAA2FE /* Frameworks */,
				5E6B04DD1B4857B000AAA2FE /* Resources */,
			);
			buildRules = (
			);
			dependencies = (
			);
			name = "Flicker Test";
			productName = "Flicker Test";
			productReference = 5E6B04DF1B4857B000AAA2FE /* Flicker Test.app */;
			productType = "com.apple.product-type.application";
		};
		5E6B04FD1B4857B000AAA2FE /* Flicker TestTests */ = {
			isa = PBXNativeTarget;
			buildConfigurationList = 5E6B050B1B4857B000AAA2FE /* Build configuration list for PBXNativeTarget "Flicker TestTests" */;
			buildPhases = (
				5E6B04FA1B4857B000AAA2FE /* Sources */,
				5E6B04FB1B4857B000AAA2FE /* Frameworks */,
				5E6B04FC1B4857B000AAA2FE /* Resources */,
			);
			buildRules = (
			);
			dependencies = (
				5E6B05001B4857B000AAA2FE /* PBXTargetDependency */,
			);
			name = "Flicker TestTests";
			productName = "Flicker TestTests";
			productReference = 5E6B04FE1B4857B000AAA2FE /* Flicker TestTests.xctest */;
			productType = "com.apple.product-type.bundle.unit-test";
		};
/* End PBXNativeTarget section */

/* Begin PBXProject section */
		5E6B04D71B4857B000AAA2FE /* Project object */ = {
			isa = PBXProject;
			attributes = {
				LastUpgradeCheck = 0630;
				ORGANIZATIONNAME = "Chelsea Liu";
				TargetAttributes = {
					5E6B04DE1B4857B000AAA2FE = {
						CreatedOnToolsVersion = 6.3.2;
					};
					5E6B04FD1B4857B000AAA2FE = {
						CreatedOnToolsVersion = 6.3.2;
						TestTargetID = 5E6B04DE1B4857B000AAA2FE;
					};
				};
			};
			buildConfigurationList = 5E6B04DA1B4857B000AAA2FE /* Build configuration list for PBXProject "Flicker Test" */;
			compatibilityVersion = "Xcode 3.2";
			developmentRegion = English;
			hasScannedForEncodings = 0;
			knownRegions = (
				en,
				Base,
			);
			mainGroup = 5E6B04D61B4857B000AAA2FE;
			productRefGroup = 5E6B04E01B4857B000AAA2FE /* Products */;
			projectDirPath = "";
			projectRoot = "";
			targets = (
				5E6B04DE1B4857B000AAA2FE /* Flicker Test */,
				5E6B04FD1B4857B000AAA2FE /* Flicker TestTests */,
			);
		};
/* End PBXProject section */

/* Begin PBXResourcesBuildPhase section */
		5E6B04DD1B4857B000AAA2FE /* Resources */ = {
			isa = PBXResourcesBuildPhase;
			buildActionMask = 2147483647;
			files = (
				5E6B05531B489C3600AAA2FE /* angry_pusheen.jpg in Resources */,
				5EB8C5F31B4F1D5D00A26664 /* heart.png in Resources */,
				5E6B04F91B4857B000AAA2FE /* LaunchScreen.xib in Resources */,
				5E6B05611B4B2CC700AAA2FE /* Location.gpx in Resources */,
				5E6B059C1B4EF8AE00AAA2FE /* zoom_out.png in Resources */,
				5E6B04F61B4857B000AAA2FE /* Images.xcassets in Resources */,
				5E6B05981B4EEB4500AAA2FE /* whiteicon.png in Resources */,
				5E6B059A1B4EF8A800AAA2FE /* zoom_in.png in Resources */,
				5E6B05571B489C8D00AAA2FE /* Main.storyboard in Resources */,
				5EB8C5E71B4F12F100A26664 /* map_pin.png in Resources */,
				5EB8C5EB1B4F143100A26664 /* pointer.png in Resources */,
			);
			runOnlyForDeploymentPostprocessing = 0;
		};
		5E6B04FC1B4857B000AAA2FE /* Resources */ = {
			isa = PBXResourcesBuildPhase;
			buildActionMask = 2147483647;
			files = (
			);
			runOnlyForDeploymentPostprocessing = 0;
		};
/* End PBXResourcesBuildPhase section */

/* Begin PBXSourcesBuildPhase section */
		5E6B04DB1B4857B000AAA2FE /* Sources */ = {
			isa = PBXSourcesBuildPhase;
			buildActionMask = 2147483647;
			files = (
				5EB8C5EE1B4F19C200A26664 /* FavouritesViewController.m in Sources */,
				5E6B055A1B4ADA8200AAA2FE /* AnaglyphEnlargedViewController.m in Sources */,
				5E6B055D1B4B0B7A00AAA2FE /* LocationViewController.m in Sources */,
				5E6B05481B4874D000AAA2FE /* AnaglyphsCollectionViewController.m in Sources */,
				5E6B04EB1B4857B000AAA2FE /* Flicker_Test.xcdatamodeld in Sources */,
				5E6B04E81B4857B000AAA2FE /* AppDelegate.m in Sources */,
				5E6B05451B4873A800AAA2FE /* FlickrPhoto.m in Sources */,
				5E6B054E1B487F3200AAA2FE /* MasterViewController.m in Sources */,
				5E6B05511B48815000AAA2FE /* AnaglyphCell.m in Sources */,
				5EB8C5F11B4F1A1B00A26664 /* CollectionViewController.m in Sources */,
				5E6B04E51B4857B000AAA2FE /* main.m in Sources */,
			);
			runOnlyForDeploymentPostprocessing = 0;
		};
		5E6B04FA1B4857B000AAA2FE /* Sources */ = {
			isa = PBXSourcesBuildPhase;
			buildActionMask = 2147483647;
			files = (
				5E6B05051B4857B000AAA2FE /* Flicker_TestTests.m in Sources */,
			);
			runOnlyForDeploymentPostprocessing = 0;
		};
/* End PBXSourcesBuildPhase section */

/* Begin PBXTargetDependency section */
		5E6B05001B4857B000AAA2FE /* PBXTargetDependency */ = {
			isa = PBXTargetDependency;
			target = 5E6B04DE1B4857B000AAA2FE /* Flicker Test */;
			targetProxy = 5E6B04FF1B4857B000AAA2FE /* PBXContainerItemProxy */;
		};
/* End PBXTargetDependency section */

/* Begin PBXVariantGroup section */
		5E6B04F71B4857B000AAA2FE /* LaunchScreen.xib */ = {
			isa = PBXVariantGroup;
			children = (
				5E6B04F81B4857B000AAA2FE /* Base */,
			);
			name = LaunchScreen.xib;
			sourceTree = "<group>";
		};
/* End PBXVariantGroup section */

/* Begin XCBuildConfiguration section */
		5E6B05061B4857B000AAA2FE /* Debug */ = {
			isa = XCBuildConfiguration;
			buildSettings = {
				ALWAYS_SEARCH_USER_PATHS = NO;
				CLANG_CXX_LANGUAGE_STANDARD = "gnu++0x";
				CLANG_CXX_LIBRARY = "libc++";
				CLANG_ENABLE_MODULES = YES;
				CLANG_ENABLE_OBJC_ARC = YES;
				CLANG_WARN_BOOL_CONVERSION = YES;
				CLANG_WARN_CONSTANT_CONVERSION = YES;
				CLANG_WARN_DIRECT_OBJC_ISA_USAGE = YES_ERROR;
				CLANG_WARN_EMPTY_BODY = YES;
				CLANG_WARN_ENUM_CONVERSION = YES;
				CLANG_WARN_INT_CONVERSION = YES;
				CLANG_WARN_OBJC_ROOT_CLASS = YES_ERROR;
				CLANG_WARN_UNREACHABLE_CODE = YES;
				CLANG_WARN__DUPLICATE_METHOD_MATCH = YES;
				"CODE_SIGN_IDENTITY[sdk=iphoneos*]" = "iPhone Developer";
				COPY_PHASE_STRIP = NO;
				DEBUG_INFORMATION_FORMAT = "dwarf-with-dsym";
				ENABLE_STRICT_OBJC_MSGSEND = YES;
				GCC_C_LANGUAGE_STANDARD = gnu99;
				GCC_DYNAMIC_NO_PIC = NO;
				GCC_NO_COMMON_BLOCKS = YES;
				GCC_OPTIMIZATION_LEVEL = 0;
				GCC_PREPROCESSOR_DEFINITIONS = (
					"DEBUG=1",
					"$(inherited)",
				);
				GCC_SYMBOLS_PRIVATE_EXTERN = NO;
				GCC_WARN_64_TO_32_BIT_CONVERSION = YES;
				GCC_WARN_ABOUT_RETURN_TYPE = YES_ERROR;
				GCC_WARN_UNDECLARED_SELECTOR = YES;
				GCC_WARN_UNINITIALIZED_AUTOS = YES_AGGRESSIVE;
				GCC_WARN_UNUSED_FUNCTION = YES;
				GCC_WARN_UNUSED_VARIABLE = YES;
				IPHONEOS_DEPLOYMENT_TARGET = 8.3;
				MTL_ENABLE_DEBUG_INFO = YES;
				ONLY_ACTIVE_ARCH = YES;
				SDKROOT = iphoneos;
			};
			name = Debug;
		};
		5E6B05071B4857B000AAA2FE /* Release */ = {
			isa = XCBuildConfiguration;
			buildSettings = {
				ALWAYS_SEARCH_USER_PATHS = NO;
				CLANG_CXX_LANGUAGE_STANDARD = "gnu++0x";
				CLANG_CXX_LIBRARY = "libc++";
				CLANG_ENABLE_MODULES = YES;
				CLANG_ENABLE_OBJC_ARC = YES;
				CLANG_WARN_BOOL_CONVERSION = YES;
				CLANG_WARN_CONSTANT_CONVERSION = YES;
				CLANG_WARN_DIRECT_OBJC_ISA_USAGE = YES_ERROR;
				CLANG_WARN_EMPTY_BODY = YES;
				CLANG_WARN_ENUM_CONVERSION = YES;
				CLANG_WARN_INT_CONVERSION = YES;
				CLANG_WARN_OBJC_ROOT_CLASS = YES_ERROR;
				CLANG_WARN_UNREACHABLE_CODE = YES;
				CLANG_WARN__DUPLICATE_METHOD_MATCH = YES;
				"CODE_SIGN_IDENTITY[sdk=iphoneos*]" = "iPhone Developer";
				COPY_PHASE_STRIP = NO;
				DEBUG_INFORMATION_FORMAT = "dwarf-with-dsym";
				ENABLE_NS_ASSERTIONS = NO;
				ENABLE_STRICT_OBJC_MSGSEND = YES;
				GCC_C_LANGUAGE_STANDARD = gnu99;
				GCC_NO_COMMON_BLOCKS = YES;
				GCC_WARN_64_TO_32_BIT_CONVERSION = YES;
				GCC_WARN_ABOUT_RETURN_TYPE = YES_ERROR;
				GCC_WARN_UNDECLARED_SELECTOR = YES;
				GCC_WARN_UNINITIALIZED_AUTOS = YES_AGGRESSIVE;
				GCC_WARN_UNUSED_FUNCTION = YES;
				GCC_WARN_UNUSED_VARIABLE = YES;
				IPHONEOS_DEPLOYMENT_TARGET = 8.3;
				MTL_ENABLE_DEBUG_INFO = NO;
				SDKROOT = iphoneos;
				VALIDATE_PRODUCT = YES;
			};
			name = Release;
		};
		5E6B05091B4857B000AAA2FE /* Debug */ = {
			isa = XCBuildConfiguration;
			buildSettings = {
				ASSETCATALOG_COMPILER_APPICON_NAME = AppIcon;
				INFOPLIST_FILE = "Flicker Test/Info.plist";
				LD_RUNPATH_SEARCH_PATHS = "$(inherited) @executable_path/Frameworks";
				PRODUCT_NAME = "$(TARGET_NAME)";
			};
			name = Debug;
		};
		5E6B050A1B4857B000AAA2FE /* Release */ = {
			isa = XCBuildConfiguration;
			buildSettings = {
				ASSETCATALOG_COMPILER_APPICON_NAME = AppIcon;
				INFOPLIST_FILE = "Flicker Test/Info.plist";
				LD_RUNPATH_SEARCH_PATHS = "$(inherited) @executable_path/Frameworks";
				PRODUCT_NAME = "$(TARGET_NAME)";
			};
			name = Release;
		};
		5E6B050C1B4857B000AAA2FE /* Debug */ = {
			isa = XCBuildConfiguration;
			buildSettings = {
				BUNDLE_LOADER = "$(TEST_HOST)";
				FRAMEWORK_SEARCH_PATHS = (
					"$(SDKROOT)/Developer/Library/Frameworks",
					"$(inherited)",
				);
				GCC_PREPROCESSOR_DEFINITIONS = (
					"DEBUG=1",
					"$(inherited)",
				);
				INFOPLIST_FILE = "Flicker TestTests/Info.plist";
				LD_RUNPATH_SEARCH_PATHS = "$(inherited) @executable_path/Frameworks @loader_path/Frameworks";
				PRODUCT_NAME = "$(TARGET_NAME)";
				TEST_HOST = "$(BUILT_PRODUCTS_DIR)/Flicker Test.app/Flicker Test";
			};
			name = Debug;
		};
		5E6B050D1B4857B000AAA2FE /* Release */ = {
			isa = XCBuildConfiguration;
			buildSettings = {
				BUNDLE_LOADER = "$(TEST_HOST)";
				FRAMEWORK_SEARCH_PATHS = (
					"$(SDKROOT)/Developer/Library/Frameworks",
					"$(inherited)",
				);
				INFOPLIST_FILE = "Flicker TestTests/Info.plist";
				LD_RUNPATH_SEARCH_PATHS = "$(inherited) @executable_path/Frameworks @loader_path/Frameworks";
				PRODUCT_NAME = "$(TARGET_NAME)";
				TEST_HOST = "$(BUILT_PRODUCTS_DIR)/Flicker Test.app/Flicker Test";
			};
			name = Release;
		};
/* End XCBuildConfiguration section */

/* Begin XCConfigurationList section */
		5E6B04DA1B4857B000AAA2FE /* Build configuration list for PBXProject "Flicker Test" */ = {
			isa = XCConfigurationList;
			buildConfigurations = (
				5E6B05061B4857B000AAA2FE /* Debug */,
				5E6B05071B4857B000AAA2FE /* Release */,
			);
			defaultConfigurationIsVisible = 0;
			defaultConfigurationName = Release;
		};
		5E6B05081B4857B000AAA2FE /* Build configuration list for PBXNativeTarget "Flicker Test" */ = {
			isa = XCConfigurationList;
			buildConfigurations = (
				5E6B05091B4857B000AAA2FE /* Debug */,
				5E6B050A1B4857B000AAA2FE /* Release */,
			);
			defaultConfigurationIsVisible = 0;
			defaultConfigurationName = Release;
		};
		5E6B050B1B4857B000AAA2FE /* Build configuration list for PBXNativeTarget "Flicker TestTests" */ = {
			isa = XCConfigurationList;
			buildConfigurations = (
				5E6B050C1B4857B000AAA2FE /* Debug */,
				5E6B050D1B4857B000AAA2FE /* Release */,
			);
			defaultConfigurationIsVisible = 0;
			defaultConfigurationName = Release;
		};
/* End XCConfigurationList section */

/* Begin XCVersionGroup section */
		5E6B04E91B4857B000AAA2FE /* Flicker_Test.xcdatamodeld */ = {
			isa = XCVersionGroup;
			children = (
				5E6B04EA1B4857B000AAA2FE /* Flicker_Test.xcdatamodel */,
			);
			currentVersion = 5E6B04EA1B4857B000AAA2FE /* Flicker_Test.xcdatamodel */;
			path = Flicker_Test.xcdatamodeld;
			sourceTree = "<group>";
			versionGroupType = wrapper.xcdatamodel;
		};
/* End XCVersionGroup section */
	};
	rootObject = 5E6B04D71B4857B000AAA2FE /* Project object */;
}
