// !$*UTF8*$!
{
	archiveVersion = 1;
	classes = {
	};
	objectVersion = 46;
	objects = {

/* Begin PBXBuildFile section */
		5E6B04E51B4857B000AAA2FE /* main.m in Sources */ = {isa = PBXBuildFile; fileRef = 5E6B04E41B4857B000AAA2FE /* main.m */; };
		5E6B04E81B4857B000AAA2FE /* AppDelegate.m in Sources */ = {isa = PBXBuildFile; fileRef = 5E6B04E71B4857B000AAA2FE /* AppDelegate.m */; };
		5E6B04EB1B4857B000AAA2FE /* Flicker_Test.xcdatamodeld in Sources */ = {isa = PBXBuildFile; fileRef = 5E6B04E91B4857B000AAA2FE /* Flicker_Test.xcdatamodeld */; };
		5E6B04EE1B4857B000AAA2FE /* MasterViewController.m in Sources */ = {isa = PBXBuildFile; fileRef = 5E6B04ED1B4857B000AAA2FE /* MasterViewController.m */; };
		5E6B04F11B4857B000AAA2FE /* DetailViewController.m in Sources */ = {isa = PBXBuildFile; fileRef = 5E6B04F01B4857B000AAA2FE /* DetailViewController.m */; };
		5E6B04F41B4857B000AAA2FE /* Main.storyboard in Resources */ = {isa = PBXBuildFile; fileRef = 5E6B04F21B4857B000AAA2FE /* Main.storyboard */; };
		5E6B04F61B4857B000AAA2FE /* Images.xcassets in Resources */ = {isa = PBXBuildFile; fileRef = 5E6B04F51B4857B000AAA2FE /* Images.xcassets */; };
		5E6B04F91B4857B000AAA2FE /* LaunchScreen.xib in Resources */ = {isa = PBXBuildFile; fileRef = 5E6B04F71B4857B000AAA2FE /* LaunchScreen.xib */; };
		5E6B05051B4857B000AAA2FE /* Flicker_TestTests.m in Sources */ = {isa = PBXBuildFile; fileRef = 5E6B05041B4857B000AAA2FE /* Flicker_TestTests.m */; };
/* End PBXBuildFile section */

/* Begin PBXContainerItemProxy section */
		5E6B04FF1B4857B000AAA2FE /* PBXContainerItemProxy */ = {
			isa = PBXContainerItemProxy;
			containerPortal = 5E6B04D71B4857B000AAA2FE /* Project object */;
			proxyType = 1;
			remoteGlobalIDString = 5E6B04DE1B4857B000AAA2FE;
			remoteInfo = "Flicker Test";
		};
/* End PBXContainerItemProxy section */

/* Begin PBXFileReference section */
		5E6B04DF1B4857B000AAA2FE /* Flicker Test.app */ = {isa = PBXFileReference; explicitFileType = wrapper.application; includeInIndex = 0; path = "Flicker Test.app"; sourceTree = BUILT_PRODUCTS_DIR; };
		5E6B04E31B4857B000AAA2FE /* Info.plist */ = {isa = PBXFileReference; lastKnownFileType = text.plist.xml; path = Info.plist; sourceTree = "<group>"; };
		5E6B04E41B4857B000AAA2FE /* main.m */ = {isa = PBXFileReference; lastKnownFileType = sourcecode.c.objc; path = main.m; sourceTree = "<group>"; };
		5E6B04E61B4857B000AAA2FE /* AppDelegate.h */ = {isa = PBXFileReference; lastKnownFileType = sourcecode.c.h; path = AppDelegate.h; sourceTree = "<group>"; };
		5E6B04E71B4857B000AAA2FE /* AppDelegate.m */ = {isa = PBXFileReference; lastKnownFileType = sourcecode.c.objc; path = AppDelegate.m; sourceTree = "<group>"; };
		5E6B04EA1B4857B000AAA2FE /* Flicker_Test.xcdatamodel */ = {isa = PBXFileReference; lastKnownFileType = wrapper.xcdatamodel; path = Flicker_Test.xcdatamodel; sourceTree = "<group>"; };
		5E6B04EC1B4857B000AAA2FE /* MasterViewController.h */ = {isa = PBXFileReference; lastKnownFileType = sourcecode.c.h; path = MasterViewController.h; sourceTree = "<group>"; };
		5E6B04ED1B4857B000AAA2FE /* MasterViewController.m */ = {isa = PBXFileReference; lastKnownFileType = sourcecode.c.objc; path = MasterViewController.m; sourceTree = "<group>"; };
		5E6B04EF1B4857B000AAA2FE /* DetailViewController.h */ = {isa = PBXFileReference; lastKnownFileType = sourcecode.c.h; path = DetailViewController.h; sourceTree = "<group>"; };
		5E6B04F01B4857B000AAA2FE /* DetailViewController.m */ = {isa = PBXFileReference; lastKnownFileType = sourcecode.c.objc; path = DetailViewController.m; sourceTree = "<group>"; };
		5E6B04F31B4857B000AAA2FE /* Base */ = {isa = PBXFileReference; lastKnownFileType = file.storyboard; name = Base; path = Base.lproj/Main.storyboard; sourceTree = "<group>"; };
		5E6B04F51B4857B000AAA2FE /* Images.xcassets */ = {isa = PBXFileReference; lastKnownFileType = folder.assetcatalog; path = Images.xcassets; sourceTree = "<group>"; };
		5E6B04F81B4857B000AAA2FE /* Base */ = {isa = PBXFileReference; lastKnownFileType = file.xib; name = Base; path = Base.lproj/LaunchScreen.xib; sourceTree = "<group>"; };
		5E6B04FE1B4857B000AAA2FE /* Flicker TestTests.xctest */ = {isa = PBXFileReference; explicitFileType = wrapper.cfbundle; includeInIndex = 0; path = "Flicker TestTests.xctest"; sourceTree = BUILT_PRODUCTS_DIR; };
		5E6B05031B4857B000AAA2FE /* Info.plist */ = {isa = PBXFileReference; lastKnownFileType = text.plist.xml; path = Info.plist; sourceTree = "<group>"; };
		5E6B05041B4857B000AAA2FE /* Flicker_TestTests.m */ = {isa = PBXFileReference; lastKnownFileType = sourcecode.c.objc; path = Flicker_TestTests.m; sourceTree = "<group>"; };
/* End PBXFileReference section */

/* Begin PBXFrameworksBuildPhase section */
		5E6B04DC1B4857B000AAA2FE /* Frameworks */ = {
			isa = PBXFrameworksBuildPhase;
			buildActionMask = 2147483647;
			files = (
			);
			runOnlyForDeploymentPostprocessing = 0;
		};
		5E6B04FB1B4857B000AAA2FE /* Frameworks */ = {
			isa = PBXFrameworksBuildPhase;
			buildActionMask = 2147483647;
			files = (
			);
			runOnlyForDeploymentPostprocessing = 0;
		};
/* End PBXFrameworksBuildPhase section */

/* Begin PBXGroup section */
		5E6B04D61B4857B000AAA2FE = {
			isa = PBXGroup;
			children = (
				5E6B04E11B4857B000AAA2FE /* Flicker Test */,
				5E6B05011B4857B000AAA2FE /* Flicker TestTests */,
				5E6B04E01B4857B000AAA2FE /* Products */,
			);
			sourceTree = "<group>";
		};
		5E6B04E01B4857B000AAA2FE /* Products */ = {
			isa = PBXGroup;
			children = (
				5E6B04DF1B4857B000AAA2FE /* Flicker Test.app */,
				5E6B04FE1B4857B000AAA2FE /* Flicker TestTests.xctest */,
			);
			name = Products;
			sourceTree = "<group>";
		};
		5E6B04E11B4857B000AAA2FE /* Flicker Test */ = {
			isa = PBXGroup;
			children = (
				5E6B04E61B4857B000AAA2FE /* AppDelegate.h */,
				5E6B04E71B4857B000AAA2FE /* AppDelegate.m */,
				5E6B04EC1B4857B000AAA2FE /* MasterViewController.h */,
				5E6B04ED1B4857B000AAA2FE /* MasterViewController.m */,
				5E6B04EF1B4857B000AAA2FE /* DetailViewController.h */,
				5E6B04F01B4857B000AAA2FE /* DetailViewController.m */,
				5E6B04F21B4857B000AAA2FE /* Main.storyboard */,
				5E6B04F51B4857B000AAA2FE /* Images.xcassets */,
				5E6B04F71B4857B000AAA2FE /* LaunchScreen.xib */,
				5E6B04E91B4857B000AAA2FE /* Flicker_Test.xcdatamodeld */,
				5E6B04E21B4857B000AAA2FE /* Supporting Files */,
			);
			path = "Flicker Test";
			sourceTree = "<group>";
		};
		5E6B04E21B4857B000AAA2FE /* Supporting Files */ = {
			isa = PBXGroup;
			children = (
				5E6B04E31B4857B000AAA2FE /* Info.plist */,
				5E6B04E41B4857B000AAA2FE /* main.m */,
			);
			name = "Supporting Files";
			sourceTree = "<group>";
		};
		5E6B05011B4857B000AAA2FE /* Flicker TestTests */ = {
			isa = PBXGroup;
			children = (
				5E6B05041B4857B000AAA2FE /* Flicker_TestTests.m */,
				5E6B05021B4857B000AAA2FE /* Supporting Files */,
			);
			path = "Flicker TestTests";
			sourceTree = "<group>";
		};
		5E6B05021B4857B000AAA2FE /* Supporting Files */ = {
			isa = PBXGroup;
			children = (
				5E6B05031B4857B000AAA2FE /* Info.plist */,
			);
			name = "Supporting Files";
			sourceTree = "<group>";
		};
/* End PBXGroup section */

/* Begin PBXNativeTarget section */
		5E6B04DE1B4857B000AAA2FE /* Flicker Test */ = {
			isa = PBXNativeTarget;
			buildConfigurationList = 5E6B05081B4857B000AAA2FE /* Build configuration list for PBXNativeTarget "Flicker Test" */;
			buildPhases = (
				5E6B04DB1B4857B000AAA2FE /* Sources */,
				5E6B04DC1B4857B000AAA2FE /* Frameworks */,
				5E6B04DD1B4857B000AAA2FE /* Resources */,
			);
			buildRules = (
			);
			dependencies = (
			);
			name = "Flicker Test";
			productName = "Flicker Test";
			productReference = 5E6B04DF1B4857B000AAA2FE /* Flicker Test.app */;
			productType = "com.apple.product-type.application";
		};
		5E6B04FD1B4857B000AAA2FE /* Flicker TestTests */ = {
			isa = PBXNativeTarget;
			buildConfigurationList = 5E6B050B1B4857B000AAA2FE /* Build configuration list for PBXNativeTarget "Flicker TestTests" */;
			buildPhases = (
				5E6B04FA1B4857B000AAA2FE /* Sources */,
				5E6B04FB1B4857B000AAA2FE /* Frameworks */,
				5E6B04FC1B4857B000AAA2FE /* Resources */,
			);
			buildRules = (
			);
			dependencies = (
				5E6B05001B4857B000AAA2FE /* PBXTargetDependency */,
			);
			name = "Flicker TestTests";
			productName = "Flicker TestTests";
			productReference = 5E6B04FE1B4857B000AAA2FE /* Flicker TestTests.xctest */;
			productType = "com.apple.product-type.bundle.unit-test";
		};
/* End PBXNativeTarget section */

/* Begin PBXProject section */
		5E6B04D71B4857B000AAA2FE /* Project object */ = {
			isa = PBXProject;
			attributes = {
				LastUpgradeCheck = 0630;
				ORGANIZATIONNAME = "Chelsea Liu";
				TargetAttributes = {
					5E6B04DE1B4857B000AAA2FE = {
						CreatedOnToolsVersion = 6.3.2;
					};
					5E6B04FD1B4857B000AAA2FE = {
						CreatedOnToolsVersion = 6.3.2;
						TestTargetID = 5E6B04DE1B4857B000AAA2FE;
					};
				};
			};
			buildConfigurationList = 5E6B04DA1B4857B000AAA2FE /* Build configuration list for PBXProject "Flicker Test" */;
			compatibilityVersion = "Xcode 3.2";
			developmentRegion = English;
			hasScannedForEncodings = 0;
			knownRegions = (
				en,
				Base,
			);
			mainGroup = 5E6B04D61B4857B000AAA2FE;
			productRefGroup = 5E6B04E01B4857B000AAA2FE /* Products */;
			projectDirPath = "";
			projectRoot = "";
			targets = (
				5E6B04DE1B4857B000AAA2FE /* Flicker Test */,
				5E6B04FD1B4857B000AAA2FE /* Flicker TestTests */,
			);
		};
/* End PBXProject section */

/* Begin PBXResourcesBuildPhase section */
		5E6B04DD1B4857B000AAA2FE /* Resources */ = {
			isa = PBXResourcesBuildPhase;
			buildActionMask = 2147483647;
			files = (
				5E6B04F41B4857B000AAA2FE /* Main.storyboard in Resources */,
				5E6B04F91B4857B000AAA2FE /* LaunchScreen.xib in Resources */,
				5E6B04F61B4857B000AAA2FE /* Images.xcassets in Resources */,
			);
			runOnlyForDeploymentPostprocessing = 0;
		};
		5E6B04FC1B4857B000AAA2FE /* Resources */ = {
			isa = PBXResourcesBuildPhase;
			buildActionMask = 2147483647;
			files = (
			);
			runOnlyForDeploymentPostprocessing = 0;
		};
/* End PBXResourcesBuildPhase section */

/* Begin PBXSourcesBuildPhase section */
		5E6B04DB1B4857B000AAA2FE /* Sources */ = {
			isa = PBXSourcesBuildPhase;
			buildActionMask = 2147483647;
			files = (
				5E6B04F11B4857B000AAA2FE /* DetailViewController.m in Sources */,
				5E6B04EE1B4857B000AAA2FE /* MasterViewController.m in Sources */,
				5E6B04EB1B4857B000AAA2FE /* Flicker_Test.xcdatamodeld in Sources */,
				5E6B04E81B4857B000AAA2FE /* AppDelegate.m in Sources */,
				5E6B04E51B4857B000AAA2FE /* main.m in Sources */,
			);
			runOnlyForDeploymentPostprocessing = 0;
		};
		5E6B04FA1B4857B000AAA2FE /* Sources */ = {
			isa = PBXSourcesBuildPhase;
			buildActionMask = 2147483647;
			files = (
				5E6B05051B4857B000AAA2FE /* Flicker_TestTests.m in Sources */,
			);
			runOnlyForDeploymentPostprocessing = 0;
		};
/* End PBXSourcesBuildPhase section */

/* Begin PBXTargetDependency section */
		5E6B05001B4857B000AAA2FE /* PBXTargetDependency */ = {
			isa = PBXTargetDependency;
			target = 5E6B04DE1B4857B000AAA2FE /* Flicker Test */;
			targetProxy = 5E6B04FF1B4857B000AAA2FE /* PBXContainerItemProxy */;
		};
/* End PBXTargetDependency section */

/* Begin PBXVariantGroup section */
		5E6B04F21B4857B000AAA2FE /* Main.storyboard */ = {
			isa = PBXVariantGroup;
			children = (
				5E6B04F31B4857B000AAA2FE /* Base */,
			);
			name = Main.storyboard;
			sourceTree = "<group>";
		};
		5E6B04F71B4857B000AAA2FE /* LaunchScreen.xib */ = {
			isa = PBXVariantGroup;
			children = (
				5E6B04F81B4857B000AAA2FE /* Base */,
			);
			name = LaunchScreen.xib;
			sourceTree = "<group>";
		};
/* End PBXVariantGroup section */

/* Begin XCBuildConfiguration section */
		5E6B05061B4857B000AAA2FE /* Debug */ = {
			isa = XCBuildConfiguration;
			buildSettings = {
				ALWAYS_SEARCH_USER_PATHS = NO;
				CLANG_CXX_LANGUAGE_STANDARD = "gnu++0x";
				CLANG_CXX_LIBRARY = "libc++";
				CLANG_ENABLE_MODULES = YES;
				CLANG_ENABLE_OBJC_ARC = YES;
				CLANG_WARN_BOOL_CONVERSION = YES;
				CLANG_WARN_CONSTANT_CONVERSION = YES;
				CLANG_WARN_DIRECT_OBJC_ISA_USAGE = YES_ERROR;
				CLANG_WARN_EMPTY_BODY = YES;
				CLANG_WARN_ENUM_CONVERSION = YES;
				CLANG_WARN_INT_CONVERSION = YES;
				CLANG_WARN_OBJC_ROOT_CLASS = YES_ERROR;
				CLANG_WARN_UNREACHABLE_CODE = YES;
				CLANG_WARN__DUPLICATE_METHOD_MATCH = YES;
				"CODE_SIGN_IDENTITY[sdk=iphoneos*]" = "iPhone Developer";
				COPY_PHASE_STRIP = NO;
				DEBUG_INFORMATION_FORMAT = "dwarf-with-dsym";
				ENABLE_STRICT_OBJC_MSGSEND = YES;
				GCC_C_LANGUAGE_STANDARD = gnu99;
				GCC_DYNAMIC_NO_PIC = NO;
				GCC_NO_COMMON_BLOCKS = YES;
				GCC_OPTIMIZATION_LEVEL = 0;
				GCC_PREPROCESSOR_DEFINITIONS = (
					"DEBUG=1",
					"$(inherited)",
				);
				GCC_SYMBOLS_PRIVATE_EXTERN = NO;
				GCC_WARN_64_TO_32_BIT_CONVERSION = YES;
				GCC_WARN_ABOUT_RETURN_TYPE = YES_ERROR;
				GCC_WARN_UNDECLARED_SELECTOR = YES;
				GCC_WARN_UNINITIALIZED_AUTOS = YES_AGGRESSIVE;
				GCC_WARN_UNUSED_FUNCTION = YES;
				GCC_WARN_UNUSED_VARIABLE = YES;
				IPHONEOS_DEPLOYMENT_TARGET = 8.3;
				MTL_ENABLE_DEBUG_INFO = YES;
				ONLY_ACTIVE_ARCH = YES;
				SDKROOT = iphoneos;
			};
			name = Debug;
		};
		5E6B05071B4857B000AAA2FE /* Release */ = {
			isa = XCBuildConfiguration;
			buildSettings = {
				ALWAYS_SEARCH_USER_PATHS = NO;
				CLANG_CXX_LANGUAGE_STANDARD = "gnu++0x";
				CLANG_CXX_LIBRARY = "libc++";
				CLANG_ENABLE_MODULES = YES;
				CLANG_ENABLE_OBJC_ARC = YES;
				CLANG_WARN_BOOL_CONVERSION = YES;
				CLANG_WARN_CONSTANT_CONVERSION = YES;
				CLANG_WARN_DIRECT_OBJC_ISA_USAGE = YES_ERROR;
				CLANG_WARN_EMPTY_BODY = YES;
				CLANG_WARN_ENUM_CONVERSION = YES;
				CLANG_WARN_INT_CONVERSION = YES;
				CLANG_WARN_OBJC_ROOT_CLASS = YES_ERROR;
				CLANG_WARN_UNREACHABLE_CODE = YES;
				CLANG_WARN__DUPLICATE_METHOD_MATCH = YES;
				"CODE_SIGN_IDENTITY[sdk=iphoneos*]" = "iPhone Developer";
				COPY_PHASE_STRIP = NO;
				DEBUG_INFORMATION_FORMAT = "dwarf-with-dsym";
				ENABLE_NS_ASSERTIONS = NO;
				ENABLE_STRICT_OBJC_MSGSEND = YES;
				GCC_C_LANGUAGE_STANDARD = gnu99;
				GCC_NO_COMMON_BLOCKS = YES;
				GCC_WARN_64_TO_32_BIT_CONVERSION = YES;
				GCC_WARN_ABOUT_RETURN_TYPE = YES_ERROR;
				GCC_WARN_UNDECLARED_SELECTOR = YES;
				GCC_WARN_UNINITIALIZED_AUTOS = YES_AGGRESSIVE;
				GCC_WARN_UNUSED_FUNCTION = YES;
				GCC_WARN_UNUSED_VARIABLE = YES;
				IPHONEOS_DEPLOYMENT_TARGET = 8.3;
				MTL_ENABLE_DEBUG_INFO = NO;
				SDKROOT = iphoneos;
				VALIDATE_PRODUCT = YES;
			};
			name = Release;
		};
		5E6B05091B4857B000AAA2FE /* Debug */ = {
			isa = XCBuildConfiguration;
			buildSettings = {
				ASSETCATALOG_COMPILER_APPICON_NAME = AppIcon;
				INFOPLIST_FILE = "Flicker Test/Info.plist";
				LD_RUNPATH_SEARCH_PATHS = "$(inherited) @executable_path/Frameworks";
				PRODUCT_NAME = "$(TARGET_NAME)";
			};
			name = Debug;
		};
		5E6B050A1B4857B000AAA2FE /* Release */ = {
			isa = XCBuildConfiguration;
			buildSettings = {
				ASSETCATALOG_COMPILER_APPICON_NAME = AppIcon;
				INFOPLIST_FILE = "Flicker Test/Info.plist";
				LD_RUNPATH_SEARCH_PATHS = "$(inherited) @executable_path/Frameworks";
				PRODUCT_NAME = "$(TARGET_NAME)";
			};
			name = Release;
		};
		5E6B050C1B4857B000AAA2FE /* Debug */ = {
			isa = XCBuildConfiguration;
			buildSettings = {
				BUNDLE_LOADER = "$(TEST_HOST)";
				FRAMEWORK_SEARCH_PATHS = (
					"$(SDKROOT)/Developer/Library/Frameworks",
					"$(inherited)",
				);
				GCC_PREPROCESSOR_DEFINITIONS = (
					"DEBUG=1",
					"$(inherited)",
				);
				INFOPLIST_FILE = "Flicker TestTests/Info.plist";
				LD_RUNPATH_SEARCH_PATHS = "$(inherited) @executable_path/Frameworks @loader_path/Frameworks";
				PRODUCT_NAME = "$(TARGET_NAME)";
				TEST_HOST = "$(BUILT_PRODUCTS_DIR)/Flicker Test.app/Flicker Test";
			};
			name = Debug;
		};
		5E6B050D1B4857B000AAA2FE /* Release */ = {
			isa = XCBuildConfiguration;
			buildSettings = {
				BUNDLE_LOADER = "$(TEST_HOST)";
				FRAMEWORK_SEARCH_PATHS = (
					"$(SDKROOT)/Developer/Library/Frameworks",
					"$(inherited)",
				);
				INFOPLIST_FILE = "Flicker TestTests/Info.plist";
				LD_RUNPATH_SEARCH_PATHS = "$(inherited) @executable_path/Frameworks @loader_path/Frameworks";
				PRODUCT_NAME = "$(TARGET_NAME)";
				TEST_HOST = "$(BUILT_PRODUCTS_DIR)/Flicker Test.app/Flicker Test";
			};
			name = Release;
		};
/* End XCBuildConfiguration section */

/* Begin XCConfigurationList section */
		5E6B04DA1B4857B000AAA2FE /* Build configuration list for PBXProject "Flicker Test" */ = {
			isa = XCConfigurationList;
			buildConfigurations = (
				5E6B05061B4857B000AAA2FE /* Debug */,
				5E6B05071B4857B000AAA2FE /* Release */,
			);
			defaultConfigurationIsVisible = 0;
			defaultConfigurationName = Release;
		};
		5E6B05081B4857B000AAA2FE /* Build configuration list for PBXNativeTarget "Flicker Test" */ = {
			isa = XCConfigurationList;
			buildConfigurations = (
				5E6B05091B4857B000AAA2FE /* Debug */,
				5E6B050A1B4857B000AAA2FE /* Release */,
			);
			defaultConfigurationIsVisible = 0;
		};
		5E6B050B1B4857B000AAA2FE /* Build configuration list for PBXNativeTarget "Flicker TestTests" */ = {
			isa = XCConfigurationList;
			buildConfigurations = (
				5E6B050C1B4857B000AAA2FE /* Debug */,
				5E6B050D1B4857B000AAA2FE /* Release */,
			);
			defaultConfigurationIsVisible = 0;
		};
/* End XCConfigurationList section */

/* Begin XCVersionGroup section */
		5E6B04E91B4857B000AAA2FE /* Flicker_Test.xcdatamodeld */ = {
			isa = XCVersionGroup;
			children = (
				5E6B04EA1B4857B000AAA2FE /* Flicker_Test.xcdatamodel */,
			);
			currentVersion = 5E6B04EA1B4857B000AAA2FE /* Flicker_Test.xcdatamodel */;
			path = Flicker_Test.xcdatamodeld;
			sourceTree = "<group>";
			versionGroupType = wrapper.xcdatamodel;
		};
/* End XCVersionGroup section */
	};
	rootObject = 5E6B04D71B4857B000AAA2FE /* Project object */;
}
